{
  "version": 4,
  "terraform_version": "1.5.7",
  "serial": 2,
  "lineage": "48de8ef7-62ba-4b0e-3bd8-e270e098822c",
  "outputs": {
    "gsi_severity_index": {
      "value": "SeverityIndex",
      "type": "string"
    },
    "gsi_source_index": {
      "value": "SourceIndex",
      "type": "string"
    },
    "gsi_status_index": {
      "value": "StatusIndex",
      "type": "string"
    },
    "table_arn": {
      "value": "arn:aws:dynamodb:us-east-1:812045307744:table/unified-security-hub-findings-dev",
      "type": "string"
    },
    "table_name": {
      "value": "unified-security-hub-findings-dev",
      "type": "string"
    }
  },
  "resources": [
    {
      "mode": "managed",
      "type": "aws_dynamodb_table",
      "name": "security_findings",
      "provider": "provider[\"registry.terraform.io/hashicorp/aws\"]",
      "instances": [
        {
          "schema_version": 1,
          "attributes": {
            "arn": "arn:aws:dynamodb:us-east-1:812045307744:table/unified-security-hub-findings-dev",
            "attribute": [
              {
                "name": "finding_id",
                "type": "S"
              },
              {
                "name": "severity",
                "type": "S"
              },
              {
                "name": "source",
                "type": "S"
              },
              {
                "name": "status",
                "type": "S"
              },
              {
                "name": "timestamp",
                "type": "S"
              }
            ],
            "billing_mode": "PAY_PER_REQUEST",
            "deletion_protection_enabled": false,
            "global_secondary_index": [
              {
                "hash_key": "severity",
                "name": "SeverityIndex",
                "non_key_attributes": [],
                "on_demand_throughput": [],
                "projection_type": "ALL",
                "range_key": "timestamp",
                "read_capacity": 0,
                "write_capacity": 0
              },
              {
                "hash_key": "source",
                "name": "SourceIndex",
                "non_key_attributes": [],
                "on_demand_throughput": [],
                "projection_type": "ALL",
                "range_key": "timestamp",
                "read_capacity": 0,
                "write_capacity": 0
              },
              {
                "hash_key": "status",
                "name": "StatusIndex",
                "non_key_attributes": [],
                "on_demand_throughput": [],
                "projection_type": "ALL",
                "range_key": "timestamp",
                "read_capacity": 0,
                "write_capacity": 0
              }
            ],
            "hash_key": "finding_id",
            "id": "unified-security-hub-findings-dev",
            "import_table": [],
            "local_secondary_index": [],
            "name": "unified-security-hub-findings-dev",
            "on_demand_throughput": [],
            "point_in_time_recovery": [
              {
                "enabled": true,
                "recovery_period_in_days": 35
              }
            ],
            "range_key": "timestamp",
            "read_capacity": 0,
            "replica": [],
            "restore_date_time": null,
            "restore_source_name": null,
            "restore_source_table_arn": null,
            "restore_to_latest_time": null,
            "server_side_encryption": [],
            "stream_arn": "",
            "stream_enabled": false,
            "stream_label": "",
            "stream_view_type": "",
            "table_class": "STANDARD",
            "tags": {
              "Environment": "dev",
              "ManagedBy": "terraform",
              "Project": "unified-security-hub",
              "Ticket": "USH-1"
            },
            "tags_all": {
              "Environment": "dev",
              "ManagedBy": "terraform",
              "Project": "unified-security-hub",
              "Ticket": "USH-1"
            },
            "timeouts": null,
            "ttl": [
              {
                "attribute_name": "",
                "enabled": false
              }
            ],
            "write_capacity": 0
          },
          "sensitive_attributes": [],
          "private": "eyJlMmJmYjczMC1lY2FhLTExZTYtOGY4OC0zNDM2M2JjN2M0YzAiOnsiY3JlYXRlIjoxODAwMDAwMDAwMDAwLCJkZWxldGUiOjYwMDAwMDAwMDAwMCwidXBkYXRlIjozNjAwMDAwMDAwMDAwfSwic2NoZW1hX3ZlcnNpb24iOiIxIn0="
        }
      ]
    }
  ],
  "check_results": null
}
